
Microsoft Visual Studio Solution File, Format Version 12.00
Project("{FAE04EC0-301F-11D3-BF4B-00C04F79EFBC}") = "VintageStory.Xorberax.Blood", "VintageStory.Xorberax.Blood\VintageStory.Xorberax.Blood.csproj", "{B4E43F49-2F7C-4583-8037-89D4CED0641E}"
EndProject
Global
	GlobalSection(SolutionConfigurationPlatforms) = preSolution
		Debug|Any CPU = Debug|Any CPU
		Release|Any CPU = Release|Any CPU
		ReleaseAndZip|Any CPU = ReleaseAndZip|Any CPU
	EndGlobalSection
	GlobalSection(ProjectConfigurationPlatforms) = postSolution
		{B4E43F49-2F7C-4583-8037-89D4CED0641E}.Debug|Any CPU.ActiveCfg = Debug|Any CPU
		{B4E43F49-2F7C-4583-8037-89D4CED0641E}.Debug|Any CPU.Build.0 = Debug|Any CPU
		{B4E43F49-2F7C-4583-8037-89D4CED0641E}.Release|Any CPU.ActiveCfg = Release|Any CPU
		{B4E43F49-2F7C-4583-8037-89D4CED0641E}.Release|Any CPU.Build.0 = Release|Any CPU
		{B4E43F49-2F7C-4583-8037-89D4CED0641E}.ReleaseAndZip|Any CPU.ActiveCfg = Debug|Any CPU
		{B4E43F49-2F7C-4583-8037-89D4CED0641E}.ReleaseAndZip|Any CPU.Build.0 = Debug|Any CPU
	EndGlobalSection
EndGlobal
